
Microsoft Visual Studio Solution File, Format Version 12.00
# Visual Studio 2013
VisualStudioVersion = 12.0.40629.0
MinimumVisualStudioVersion = 10.0.40219.1
Project("{FAE04EC0-301F-11D3-BF4B-00C04F79EFBC}") = "App.Web", "App.Web\App.Web.csproj", "{87704C5A-3A02-4B20-A3FF-90F83B1F7691}"
EndProject
Project("{FAE04EC0-301F-11D3-BF4B-00C04F79EFBC}") = "App.Entity", "App.Entity\App.Entity.csproj", "{9BCD92C8-AE95-483D-A210-B8A90E0CE3E6}"
EndProject
Project("{FAE04EC0-301F-11D3-BF4B-00C04F79EFBC}") = "App.Data", "App.Data\App.Data.csproj", "{5162E16D-746A-4A56-8505-7158CD2D127B}"
EndProject
Global
	GlobalSection(SolutionConfigurationPlatforms) = preSolution
		Debug|Any CPU = Debug|Any CPU
		Release|Any CPU = Release|Any CPU
	EndGlobalSection
	GlobalSection(ProjectConfigurationPlatforms) = postSolution
		{87704C5A-3A02-4B20-A3FF-90F83B1F7691}.Debug|Any CPU.ActiveCfg = Debug|Any CPU
		{87704C5A-3A02-4B20-A3FF-90F83B1F7691}.Debug|Any CPU.Build.0 = Debug|Any CPU
		{87704C5A-3A02-4B20-A3FF-90F83B1F7691}.Release|Any CPU.ActiveCfg = Release|Any CPU
		{87704C5A-3A02-4B20-A3FF-90F83B1F7691}.Release|Any CPU.Build.0 = Release|Any CPU
		{9BCD92C8-AE95-483D-A210-B8A90E0CE3E6}.Debug|Any CPU.ActiveCfg = Debug|Any CPU
		{9BCD92C8-AE95-483D-A210-B8A90E0CE3E6}.Debug|Any CPU.Build.0 = Debug|Any CPU
		{9BCD92C8-AE95-483D-A210-B8A90E0CE3E6}.Release|Any CPU.ActiveCfg = Release|Any CPU
		{9BCD92C8-AE95-483D-A210-B8A90E0CE3E6}.Release|Any CPU.Build.0 = Release|Any CPU
		{5162E16D-746A-4A56-8505-7158CD2D127B}.Debug|Any CPU.ActiveCfg = Debug|Any CPU
		{5162E16D-746A-4A56-8505-7158CD2D127B}.Debug|Any CPU.Build.0 = Debug|Any CPU
		{5162E16D-746A-4A56-8505-7158CD2D127B}.Release|Any CPU.ActiveCfg = Release|Any CPU
		{5162E16D-746A-4A56-8505-7158CD2D127B}.Release|Any CPU.Build.0 = Release|Any CPU
	EndGlobalSection
	GlobalSection(SolutionProperties) = preSolution
		HideSolutionNode = FALSE
	EndGlobalSection
EndGlobal
